// !$*UTF8*$!
{
	archiveVersion = 1;
	classes = {
	};
	objectVersion = 46;
	objects = {

/* Begin PBXBuildFile section */
		AB2AA9581D5775CD0088117C /* TimerManager.swift in Sources */ = {isa = PBXBuildFile; fileRef = AB2AA9571D5775CD0088117C /* TimerManager.swift */; };
		AB5232591C8CB3C8004120E8 /* MainViewController.swift in Sources */ = {isa = PBXBuildFile; fileRef = AB5232581C8CB3C8004120E8 /* MainViewController.swift */; };
		AB52325C1C8CB86A004120E8 /* Main.storyboard in Resources */ = {isa = PBXBuildFile; fileRef = AB52325B1C8CB86A004120E8 /* Main.storyboard */; };
		AB8093E41C84F30000C2DEDC /* FileSpace.xcdatamodeld in Sources */ = {isa = PBXBuildFile; fileRef = AB8093E21C84F30000C2DEDC /* FileSpace.xcdatamodeld */; };
		AB8093E61C84F30000C2DEDC /* Assets.xcassets in Resources */ = {isa = PBXBuildFile; fileRef = AB8093E51C84F30000C2DEDC /* Assets.xcassets */; };
		AB8093E91C84F30000C2DEDC /* LaunchScreen.storyboard in Resources */ = {isa = PBXBuildFile; fileRef = AB8093E71C84F30000C2DEDC /* LaunchScreen.storyboard */; };
		ABB959BA1D57AA7300A2E4C6 /* OutputManager.swift in Sources */ = {isa = PBXBuildFile; fileRef = ABB959B91D57AA7300A2E4C6 /* OutputManager.swift */; };
		ABB959BC1D57B3CC00A2E4C6 /* NetworkManager.swift in Sources */ = {isa = PBXBuildFile; fileRef = ABB959BB1D57B3CC00A2E4C6 /* NetworkManager.swift */; };
		ABC6C4961D576E3F00B5C7C8 /* AppDelegate.swift in Sources */ = {isa = PBXBuildFile; fileRef = ABC6C4951D576E3F00B5C7C8 /* AppDelegate.swift */; };
/* End PBXBuildFile section */

/* Begin PBXFileReference section */
		AB2AA9571D5775CD0088117C /* TimerManager.swift */ = {isa = PBXFileReference; fileEncoding = 4; lastKnownFileType = sourcecode.swift; path = TimerManager.swift; sourceTree = "<group>"; };
		AB5232581C8CB3C8004120E8 /* MainViewController.swift */ = {isa = PBXFileReference; fileEncoding = 4; lastKnownFileType = sourcecode.swift; path = MainViewController.swift; sourceTree = "<group>"; };
		AB52325B1C8CB86A004120E8 /* Main.storyboard */ = {isa = PBXFileReference; fileEncoding = 4; lastKnownFileType = file.storyboard; path = Main.storyboard; sourceTree = "<group>"; };
		AB8093D31C84F30000C2DEDC /* FileSpace.app */ = {isa = PBXFileReference; explicitFileType = wrapper.application; includeInIndex = 0; path = FileSpace.app; sourceTree = BUILT_PRODUCTS_DIR; };
		AB8093E31C84F30000C2DEDC /* FileSpace.xcdatamodel */ = {isa = PBXFileReference; lastKnownFileType = wrapper.xcdatamodel; path = FileSpace.xcdatamodel; sourceTree = "<group>"; };
		AB8093E51C84F30000C2DEDC /* Assets.xcassets */ = {isa = PBXFileReference; lastKnownFileType = folder.assetcatalog; path = Assets.xcassets; sourceTree = "<group>"; };
		AB8093E81C84F30000C2DEDC /* Base */ = {isa = PBXFileReference; lastKnownFileType = file.storyboard; name = Base; path = Base.lproj/LaunchScreen.storyboard; sourceTree = "<group>"; };
		AB8093EA1C84F30000C2DEDC /* Info.plist */ = {isa = PBXFileReference; fileEncoding = 4; lastKnownFileType = text.plist.xml; path = Info.plist; sourceTree = "<group>"; };
		ABB959B91D57AA7300A2E4C6 /* OutputManager.swift */ = {isa = PBXFileReference; fileEncoding = 4; lastKnownFileType = sourcecode.swift; path = OutputManager.swift; sourceTree = "<group>"; };
		ABB959BB1D57B3CC00A2E4C6 /* NetworkManager.swift */ = {isa = PBXFileReference; fileEncoding = 4; lastKnownFileType = sourcecode.swift; path = NetworkManager.swift; sourceTree = "<group>"; };
		ABC6C4951D576E3F00B5C7C8 /* AppDelegate.swift */ = {isa = PBXFileReference; fileEncoding = 4; lastKnownFileType = sourcecode.swift; path = AppDelegate.swift; sourceTree = "<group>"; };
/* End PBXFileReference section */

/* Begin PBXFrameworksBuildPhase section */
		AB8093D01C84F30000C2DEDC /* Frameworks */ = {
			isa = PBXFrameworksBuildPhase;
			buildActionMask = 2147483647;
			files = (
			);
			runOnlyForDeploymentPostprocessing = 0;
		};
/* End PBXFrameworksBuildPhase section */

/* Begin PBXGroup section */
		AB8093CA1C84F30000C2DEDC = {
			isa = PBXGroup;
			children = (
				AB8093D51C84F30000C2DEDC /* FileSpace */,
				AB8093D41C84F30000C2DEDC /* Products */,
			);
			sourceTree = "<group>";
		};
		AB8093D41C84F30000C2DEDC /* Products */ = {
			isa = PBXGroup;
			children = (
				AB8093D31C84F30000C2DEDC /* FileSpace.app */,
			);
			name = Products;
			sourceTree = "<group>";
		};
		AB8093D51C84F30000C2DEDC /* FileSpace */ = {
			isa = PBXGroup;
			children = (
				ABB959BE1D57B68100A2E4C6 /* Network */,
				ABC6C4951D576E3F00B5C7C8 /* AppDelegate.swift */,
				AB5232581C8CB3C8004120E8 /* MainViewController.swift */,
				ABB959B91D57AA7300A2E4C6 /* OutputManager.swift */,
				AB2AA9571D5775CD0088117C /* TimerManager.swift */,
				AB8093E51C84F30000C2DEDC /* Assets.xcassets */,
				AB8093E71C84F30000C2DEDC /* LaunchScreen.storyboard */,
				AB8093EA1C84F30000C2DEDC /* Info.plist */,
				AB8093E21C84F30000C2DEDC /* FileSpace.xcdatamodeld */,
				AB52325B1C8CB86A004120E8 /* Main.storyboard */,
			);
			path = FileSpace;
			sourceTree = "<group>";
		};
		ABB959BE1D57B68100A2E4C6 /* Network */ = {
			isa = PBXGroup;
			children = (
				ABB959BB1D57B3CC00A2E4C6 /* NetworkManager.swift */,
			);
			name = Network;
			sourceTree = "<group>";
		};
/* End PBXGroup section */

/* Begin PBXNativeTarget section */
		AB8093D21C84F30000C2DEDC /* FileSpace */ = {
			isa = PBXNativeTarget;
			buildConfigurationList = AB8093ED1C84F30000C2DEDC /* Build configuration list for PBXNativeTarget "FileSpace" */;
			buildPhases = (
				AB8093CF1C84F30000C2DEDC /* Sources */,
				AB8093D01C84F30000C2DEDC /* Frameworks */,
				AB8093D11C84F30000C2DEDC /* Resources */,
			);
			buildRules = (
			);
			dependencies = (
			);
			name = FileSpace;
			productName = FileSpace;
			productReference = AB8093D31C84F30000C2DEDC /* FileSpace.app */;
			productType = "com.apple.product-type.application";
		};
/* End PBXNativeTarget section */

/* Begin PBXProject section */
		AB8093CB1C84F30000C2DEDC /* Project object */ = {
			isa = PBXProject;
			attributes = {
				LastUpgradeCheck = 0720;
				ORGANIZATIONNAME = Jonathan;
				TargetAttributes = {
					AB8093D21C84F30000C2DEDC = {
						CreatedOnToolsVersion = 7.2;
						DevelopmentTeam = EXR5GL7736;
					};
				};
			};
			buildConfigurationList = AB8093CE1C84F30000C2DEDC /* Build configuration list for PBXProject "FileSpace" */;
			compatibilityVersion = "Xcode 3.2";
			developmentRegion = English;
			hasScannedForEncodings = 0;
			knownRegions = (
				en,
				Base,
			);
			mainGroup = AB8093CA1C84F30000C2DEDC;
			productRefGroup = AB8093D41C84F30000C2DEDC /* Products */;
			projectDirPath = "";
			projectRoot = "";
			targets = (
				AB8093D21C84F30000C2DEDC /* FileSpace */,
			);
		};
/* End PBXProject section */

/* Begin PBXResourcesBuildPhase section */
		AB8093D11C84F30000C2DEDC /* Resources */ = {
			isa = PBXResourcesBuildPhase;
			buildActionMask = 2147483647;
			files = (
				AB8093E91C84F30000C2DEDC /* LaunchScreen.storyboard in Resources */,
				AB8093E61C84F30000C2DEDC /* Assets.xcassets in Resources */,
				AB52325C1C8CB86A004120E8 /* Main.storyboard in Resources */,
			);
			runOnlyForDeploymentPostprocessing = 0;
		};
/* End PBXResourcesBuildPhase section */

/* Begin PBXSourcesBuildPhase section */
		AB8093CF1C84F30000C2DEDC /* Sources */ = {
			isa = PBXSourcesBuildPhase;
			buildActionMask = 2147483647;
			files = (
				ABB959BC1D57B3CC00A2E4C6 /* NetworkManager.swift in Sources */,
				ABB959BA1D57AA7300A2E4C6 /* OutputManager.swift in Sources */,
				ABC6C4961D576E3F00B5C7C8 /* AppDelegate.swift in Sources */,
				AB2AA9581D5775CD0088117C /* TimerManager.swift in Sources */,
				AB5232591C8CB3C8004120E8 /* MainViewController.swift in Sources */,
				AB8093E41C84F30000C2DEDC /* FileSpace.xcdatamodeld in Sources */,
			);
			runOnlyForDeploymentPostprocessing = 0;
		};
/* End PBXSourcesBuildPhase section */

/* Begin PBXVariantGroup section */
		AB8093E71C84F30000C2DEDC /* LaunchScreen.storyboard */ = {
			isa = PBXVariantGroup;
			children = (
				AB8093E81C84F30000C2DEDC /* Base */,
			);
			name = LaunchScreen.storyboard;
			sourceTree = "<group>";
		};
/* End PBXVariantGroup section */

/* Begin XCBuildConfiguration section */
		AB8093EB1C84F30000C2DEDC /* Debug */ = {
			isa = XCBuildConfiguration;
			buildSettings = {
				ALWAYS_SEARCH_USER_PATHS = NO;
				CLANG_CXX_LANGUAGE_STANDARD = "gnu++0x";
				CLANG_CXX_LIBRARY = "libc++";
				CLANG_ENABLE_MODULES = YES;
				CLANG_ENABLE_OBJC_ARC = YES;
				CLANG_WARN_BOOL_CONVERSION = YES;
				CLANG_WARN_CONSTANT_CONVERSION = YES;
				CLANG_WARN_DIRECT_OBJC_ISA_USAGE = YES_ERROR;
				CLANG_WARN_EMPTY_BODY = YES;
				CLANG_WARN_ENUM_CONVERSION = YES;
				CLANG_WARN_INT_CONVERSION = YES;
				CLANG_WARN_OBJC_ROOT_CLASS = YES_ERROR;
				CLANG_WARN_UNREACHABLE_CODE = YES;
				CLANG_WARN__DUPLICATE_METHOD_MATCH = YES;
				"CODE_SIGN_IDENTITY[sdk=iphoneos*]" = "iPhone Developer";
				COPY_PHASE_STRIP = NO;
				DEBUG_INFORMATION_FORMAT = dwarf;
				ENABLE_STRICT_OBJC_MSGSEND = YES;
				ENABLE_TESTABILITY = YES;
				GCC_C_LANGUAGE_STANDARD = gnu99;
				GCC_DYNAMIC_NO_PIC = NO;
				GCC_NO_COMMON_BLOCKS = YES;
				GCC_OPTIMIZATION_LEVEL = 0;
				GCC_PREPROCESSOR_DEFINITIONS = (
					"DEBUG=1",
					"$(inherited)",
				);
				GCC_WARN_64_TO_32_BIT_CONVERSION = YES;
				GCC_WARN_ABOUT_RETURN_TYPE = YES_ERROR;
				GCC_WARN_UNDECLARED_SELECTOR = YES;
				GCC_WARN_UNINITIALIZED_AUTOS = YES_AGGRESSIVE;
				GCC_WARN_UNUSED_FUNCTION = YES;
				GCC_WARN_UNUSED_VARIABLE = YES;
				IPHONEOS_DEPLOYMENT_TARGET = 9.2;
				MTL_ENABLE_DEBUG_INFO = YES;
				ONLY_ACTIVE_ARCH = YES;
				SDKROOT = iphoneos;
				TARGETED_DEVICE_FAMILY = "1,2";
			};
			name = Debug;
		};
		AB8093EC1C84F30000C2DEDC /* Release */ = {
			isa = XCBuildConfiguration;
			buildSettings = {
				ALWAYS_SEARCH_USER_PATHS = NO;
				CLANG_CXX_LANGUAGE_STANDARD = "gnu++0x";
				CLANG_CXX_LIBRARY = "libc++";
				CLANG_ENABLE_MODULES = YES;
				CLANG_ENABLE_OBJC_ARC = YES;
				CLANG_WARN_BOOL_CONVERSION = YES;
				CLANG_WARN_CONSTANT_CONVERSION = YES;
				CLANG_WARN_DIRECT_OBJC_ISA_USAGE = YES_ERROR;
				CLANG_WARN_EMPTY_BODY = YES;
				CLANG_WARN_ENUM_CONVERSION = YES;
				CLANG_WARN_INT_CONVERSION = YES;
				CLANG_WARN_OBJC_ROOT_CLASS = YES_ERROR;
				CLANG_WARN_UNREACHABLE_CODE = YES;
				CLANG_WARN__DUPLICATE_METHOD_MATCH = YES;
				"CODE_SIGN_IDENTITY[sdk=iphoneos*]" = "iPhone Developer";
				COPY_PHASE_STRIP = NO;
				DEBUG_INFORMATION_FORMAT = "dwarf-with-dsym";
				ENABLE_NS_ASSERTIONS = NO;
				ENABLE_STRICT_OBJC_MSGSEND = YES;
				GCC_C_LANGUAGE_STANDARD = gnu99;
				GCC_NO_COMMON_BLOCKS = YES;
				GCC_WARN_64_TO_32_BIT_CONVERSION = YES;
				GCC_WARN_ABOUT_RETURN_TYPE = YES_ERROR;
				GCC_WARN_UNDECLARED_SELECTOR = YES;
				GCC_WARN_UNINITIALIZED_AUTOS = YES_AGGRESSIVE;
				GCC_WARN_UNUSED_FUNCTION = YES;
				GCC_WARN_UNUSED_VARIABLE = YES;
				IPHONEOS_DEPLOYMENT_TARGET = 9.2;
				MTL_ENABLE_DEBUG_INFO = NO;
				SDKROOT = iphoneos;
				TARGETED_DEVICE_FAMILY = "1,2";
				VALIDATE_PRODUCT = YES;
			};
			name = Release;
		};
		AB8093EE1C84F30000C2DEDC /* Debug */ = {
			isa = XCBuildConfiguration;
			buildSettings = {
				ASSETCATALOG_COMPILER_APPICON_NAME = AppIcon;
				CLANG_ENABLE_MODULES = YES;
				CODE_SIGN_IDENTITY = "iPhone Developer";
				"CODE_SIGN_IDENTITY[sdk=iphoneos*]" = "iPhone Developer";
				INFOPLIST_FILE = FileSpace/Info.plist;
				IPHONEOS_DEPLOYMENT_TARGET = 9.3;
				LD_RUNPATH_SEARCH_PATHS = "$(inherited) @executable_path/Frameworks";
				PRODUCT_BUNDLE_IDENTIFIER = mercandalli.FileSpace;
				PRODUCT_NAME = "$(TARGET_NAME)";
				PROVISIONING_PROFILE = "";
				SWIFT_OPTIMIZATION_LEVEL = "-Onone";
				TARGETED_DEVICE_FAMILY = "1,2";
			};
			name = Debug;
		};
		AB8093EF1C84F30000C2DEDC /* Release */ = {
			isa = XCBuildConfiguration;
			buildSettings = {
				ASSETCATALOG_COMPILER_APPICON_NAME = AppIcon;
				CLANG_ENABLE_MODULES = YES;
				CODE_SIGN_IDENTITY = "iPhone Developer";
				"CODE_SIGN_IDENTITY[sdk=iphoneos*]" = "iPhone Developer";
				INFOPLIST_FILE = FileSpace/Info.plist;
				IPHONEOS_DEPLOYMENT_TARGET = 9.3;
				LD_RUNPATH_SEARCH_PATHS = "$(inherited) @executable_path/Frameworks";
				PRODUCT_BUNDLE_IDENTIFIER = mercandalli.FileSpace;
				PRODUCT_NAME = "$(TARGET_NAME)";
				PROVISIONING_PROFILE = "";
				TARGETED_DEVICE_FAMILY = "1,2";
			};
			name = Release;
		};
/* End XCBuildConfiguration section */

/* Begin XCConfigurationList section */
		AB8093CE1C84F30000C2DEDC /* Build configuration list for PBXProject "FileSpace" */ = {
			isa = XCConfigurationList;
			buildConfigurations = (
				AB8093EB1C84F30000C2DEDC /* Debug */,
				AB8093EC1C84F30000C2DEDC /* Release */,
			);
			defaultConfigurationIsVisible = 0;
			defaultConfigurationName = Release;
		};
		AB8093ED1C84F30000C2DEDC /* Build configuration list for PBXNativeTarget "FileSpace" */ = {
			isa = XCConfigurationList;
			buildConfigurations = (
				AB8093EE1C84F30000C2DEDC /* Debug */,
				AB8093EF1C84F30000C2DEDC /* Release */,
			);
			defaultConfigurationIsVisible = 0;
			defaultConfigurationName = Release;
		};
/* End XCConfigurationList section */

/* Begin XCVersionGroup section */
		AB8093E21C84F30000C2DEDC /* FileSpace.xcdatamodeld */ = {
			isa = XCVersionGroup;
			children = (
				AB8093E31C84F30000C2DEDC /* FileSpace.xcdatamodel */,
			);
			currentVersion = AB8093E31C84F30000C2DEDC /* FileSpace.xcdatamodel */;
			path = FileSpace.xcdatamodeld;
			sourceTree = "<group>";
			versionGroupType = wrapper.xcdatamodel;
		};
/* End XCVersionGroup section */
	};
	rootObject = AB8093CB1C84F30000C2DEDC /* Project object */;
}
