// !$*UTF8*$!
{
	archiveVersion = 1;
	classes = {
	};
	objectVersion = 46;
	objects = {

/* Begin PBXBuildFile section */
		AB4DCCD71C84EA7B00F0A666 /* main.m in Sources */ = {isa = PBXBuildFile; fileRef = AB4DCCD61C84EA7B00F0A666 /* main.m */; };
		AB4DCCDA1C84EA7B00F0A666 /* AppDelegate.m in Sources */ = {isa = PBXBuildFile; fileRef = AB4DCCD91C84EA7B00F0A666 /* AppDelegate.m */; };
		AB4DCCDD1C84EA7B00F0A666 /* RootViewController.m in Sources */ = {isa = PBXBuildFile; fileRef = AB4DCCDC1C84EA7B00F0A666 /* RootViewController.m */; };
		AB4DCCE01C84EA7B00F0A666 /* DataViewController.m in Sources */ = {isa = PBXBuildFile; fileRef = AB4DCCDF1C84EA7B00F0A666 /* DataViewController.m */; };
		AB4DCCE31C84EA7B00F0A666 /* ModelController.m in Sources */ = {isa = PBXBuildFile; fileRef = AB4DCCE21C84EA7B00F0A666 /* ModelController.m */; };
		AB4DCCE61C84EA7B00F0A666 /* Main.storyboard in Resources */ = {isa = PBXBuildFile; fileRef = AB4DCCE41C84EA7B00F0A666 /* Main.storyboard */; };
		AB4DCCE81C84EA7B00F0A666 /* Assets.xcassets in Resources */ = {isa = PBXBuildFile; fileRef = AB4DCCE71C84EA7B00F0A666 /* Assets.xcassets */; };
		AB4DCCEB1C84EA7B00F0A666 /* LaunchScreen.storyboard in Resources */ = {isa = PBXBuildFile; fileRef = AB4DCCE91C84EA7B00F0A666 /* LaunchScreen.storyboard */; };
/* End PBXBuildFile section */

/* Begin PBXFileReference section */
		AB4DCCD21C84EA7B00F0A666 /* FileSpace.app */ = {isa = PBXFileReference; explicitFileType = wrapper.application; includeInIndex = 0; path = FileSpace.app; sourceTree = BUILT_PRODUCTS_DIR; };
		AB4DCCD61C84EA7B00F0A666 /* main.m */ = {isa = PBXFileReference; lastKnownFileType = sourcecode.c.objc; path = main.m; sourceTree = "<group>"; };
		AB4DCCD81C84EA7B00F0A666 /* AppDelegate.h */ = {isa = PBXFileReference; lastKnownFileType = sourcecode.c.h; path = AppDelegate.h; sourceTree = "<group>"; };
		AB4DCCD91C84EA7B00F0A666 /* AppDelegate.m */ = {isa = PBXFileReference; lastKnownFileType = sourcecode.c.objc; path = AppDelegate.m; sourceTree = "<group>"; };
		AB4DCCDB1C84EA7B00F0A666 /* RootViewController.h */ = {isa = PBXFileReference; lastKnownFileType = sourcecode.c.h; path = RootViewController.h; sourceTree = "<group>"; };
		AB4DCCDC1C84EA7B00F0A666 /* RootViewController.m */ = {isa = PBXFileReference; lastKnownFileType = sourcecode.c.objc; path = RootViewController.m; sourceTree = "<group>"; };
		AB4DCCDE1C84EA7B00F0A666 /* DataViewController.h */ = {isa = PBXFileReference; lastKnownFileType = sourcecode.c.h; path = DataViewController.h; sourceTree = "<group>"; };
		AB4DCCDF1C84EA7B00F0A666 /* DataViewController.m */ = {isa = PBXFileReference; lastKnownFileType = sourcecode.c.objc; path = DataViewController.m; sourceTree = "<group>"; };
		AB4DCCE11C84EA7B00F0A666 /* ModelController.h */ = {isa = PBXFileReference; lastKnownFileType = sourcecode.c.h; path = ModelController.h; sourceTree = "<group>"; };
		AB4DCCE21C84EA7B00F0A666 /* ModelController.m */ = {isa = PBXFileReference; lastKnownFileType = sourcecode.c.objc; path = ModelController.m; sourceTree = "<group>"; };
		AB4DCCE51C84EA7B00F0A666 /* Base */ = {isa = PBXFileReference; lastKnownFileType = file.storyboard; name = Base; path = Base.lproj/Main.storyboard; sourceTree = "<group>"; };
		AB4DCCE71C84EA7B00F0A666 /* Assets.xcassets */ = {isa = PBXFileReference; lastKnownFileType = folder.assetcatalog; path = Assets.xcassets; sourceTree = "<group>"; };
		AB4DCCEA1C84EA7B00F0A666 /* Base */ = {isa = PBXFileReference; lastKnownFileType = file.storyboard; name = Base; path = Base.lproj/LaunchScreen.storyboard; sourceTree = "<group>"; };
		AB4DCCEC1C84EA7B00F0A666 /* Info.plist */ = {isa = PBXFileReference; lastKnownFileType = text.plist.xml; path = Info.plist; sourceTree = "<group>"; };
/* End PBXFileReference section */

/* Begin PBXFrameworksBuildPhase section */
		AB4DCCCF1C84EA7B00F0A666 /* Frameworks */ = {
			isa = PBXFrameworksBuildPhase;
			buildActionMask = 2147483647;
			files = (
			);
			runOnlyForDeploymentPostprocessing = 0;
		};
/* End PBXFrameworksBuildPhase section */

/* Begin PBXGroup section */
		AB4DCCC91C84EA7B00F0A666 = {
			isa = PBXGroup;
			children = (
				AB4DCCD41C84EA7B00F0A666 /* FileSpace */,
				AB4DCCD31C84EA7B00F0A666 /* Products */,
			);
			sourceTree = "<group>";
		};
		AB4DCCD31C84EA7B00F0A666 /* Products */ = {
			isa = PBXGroup;
			children = (
				AB4DCCD21C84EA7B00F0A666 /* FileSpace.app */,
			);
			name = Products;
			sourceTree = "<group>";
		};
		AB4DCCD41C84EA7B00F0A666 /* FileSpace */ = {
			isa = PBXGroup;
			children = (
				AB4DCCD81C84EA7B00F0A666 /* AppDelegate.h */,
				AB4DCCD91C84EA7B00F0A666 /* AppDelegate.m */,
				AB4DCCDB1C84EA7B00F0A666 /* RootViewController.h */,
				AB4DCCDC1C84EA7B00F0A666 /* RootViewController.m */,
				AB4DCCDE1C84EA7B00F0A666 /* DataViewController.h */,
				AB4DCCDF1C84EA7B00F0A666 /* DataViewController.m */,
				AB4DCCE11C84EA7B00F0A666 /* ModelController.h */,
				AB4DCCE21C84EA7B00F0A666 /* ModelController.m */,
				AB4DCCE41C84EA7B00F0A666 /* Main.storyboard */,
				AB4DCCE71C84EA7B00F0A666 /* Assets.xcassets */,
				AB4DCCE91C84EA7B00F0A666 /* LaunchScreen.storyboard */,
				AB4DCCEC1C84EA7B00F0A666 /* Info.plist */,
				AB4DCCD51C84EA7B00F0A666 /* Supporting Files */,
			);
			path = FileSpace;
			sourceTree = "<group>";
		};
		AB4DCCD51C84EA7B00F0A666 /* Supporting Files */ = {
			isa = PBXGroup;
			children = (
				AB4DCCD61C84EA7B00F0A666 /* main.m */,
			);
			name = "Supporting Files";
			sourceTree = "<group>";
		};
/* End PBXGroup section */

/* Begin PBXNativeTarget section */
		AB4DCCD11C84EA7B00F0A666 /* FileSpace */ = {
			isa = PBXNativeTarget;
			buildConfigurationList = AB4DCCEF1C84EA7B00F0A666 /* Build configuration list for PBXNativeTarget "FileSpace" */;
			buildPhases = (
				AB4DCCCE1C84EA7B00F0A666 /* Sources */,
				AB4DCCCF1C84EA7B00F0A666 /* Frameworks */,
				AB4DCCD01C84EA7B00F0A666 /* Resources */,
			);
			buildRules = (
			);
			dependencies = (
			);
			name = FileSpace;
			productName = FileSpace;
			productReference = AB4DCCD21C84EA7B00F0A666 /* FileSpace.app */;
			productType = "com.apple.product-type.application";
		};
/* End PBXNativeTarget section */

/* Begin PBXProject section */
		AB4DCCCA1C84EA7B00F0A666 /* Project object */ = {
			isa = PBXProject;
			attributes = {
				LastUpgradeCheck = 0720;
				ORGANIZATIONNAME = Jonathan;
				TargetAttributes = {
					AB4DCCD11C84EA7B00F0A666 = {
						CreatedOnToolsVersion = 7.2;
						DevelopmentTeam = EXR5GL7736;
					};
				};
			};
			buildConfigurationList = AB4DCCCD1C84EA7B00F0A666 /* Build configuration list for PBXProject "FileSpace" */;
			compatibilityVersion = "Xcode 3.2";
			developmentRegion = English;
			hasScannedForEncodings = 0;
			knownRegions = (
				en,
				Base,
			);
			mainGroup = AB4DCCC91C84EA7B00F0A666;
			productRefGroup = AB4DCCD31C84EA7B00F0A666 /* Products */;
			projectDirPath = "";
			projectRoot = "";
			targets = (
				AB4DCCD11C84EA7B00F0A666 /* FileSpace */,
			);
		};
/* End PBXProject section */

/* Begin PBXResourcesBuildPhase section */
		AB4DCCD01C84EA7B00F0A666 /* Resources */ = {
			isa = PBXResourcesBuildPhase;
			buildActionMask = 2147483647;
			files = (
				AB4DCCEB1C84EA7B00F0A666 /* LaunchScreen.storyboard in Resources */,
				AB4DCCE81C84EA7B00F0A666 /* Assets.xcassets in Resources */,
				AB4DCCE61C84EA7B00F0A666 /* Main.storyboard in Resources */,
			);
			runOnlyForDeploymentPostprocessing = 0;
		};
/* End PBXResourcesBuildPhase section */

/* Begin PBXSourcesBuildPhase section */
		AB4DCCCE1C84EA7B00F0A666 /* Sources */ = {
			isa = PBXSourcesBuildPhase;
			buildActionMask = 2147483647;
			files = (
				AB4DCCE01C84EA7B00F0A666 /* DataViewController.m in Sources */,
				AB4DCCDA1C84EA7B00F0A666 /* AppDelegate.m in Sources */,
				AB4DCCE31C84EA7B00F0A666 /* ModelController.m in Sources */,
				AB4DCCD71C84EA7B00F0A666 /* main.m in Sources */,
				AB4DCCDD1C84EA7B00F0A666 /* RootViewController.m in Sources */,
			);
			runOnlyForDeploymentPostprocessing = 0;
		};
/* End PBXSourcesBuildPhase section */

/* Begin PBXVariantGroup section */
		AB4DCCE41C84EA7B00F0A666 /* Main.storyboard */ = {
			isa = PBXVariantGroup;
			children = (
				AB4DCCE51C84EA7B00F0A666 /* Base */,
			);
			name = Main.storyboard;
			sourceTree = "<group>";
		};
		AB4DCCE91C84EA7B00F0A666 /* LaunchScreen.storyboard */ = {
			isa = PBXVariantGroup;
			children = (
				AB4DCCEA1C84EA7B00F0A666 /* Base */,
			);
			name = LaunchScreen.storyboard;
			sourceTree = "<group>";
		};
/* End PBXVariantGroup section */

/* Begin XCBuildConfiguration section */
		AB4DCCED1C84EA7B00F0A666 /* Debug */ = {
			isa = XCBuildConfiguration;
			buildSettings = {
				ALWAYS_SEARCH_USER_PATHS = NO;
				CLANG_CXX_LANGUAGE_STANDARD = "gnu++0x";
				CLANG_CXX_LIBRARY = "libc++";
				CLANG_ENABLE_MODULES = YES;
				CLANG_ENABLE_OBJC_ARC = YES;
				CLANG_WARN_BOOL_CONVERSION = YES;
				CLANG_WARN_CONSTANT_CONVERSION = YES;
				CLANG_WARN_DIRECT_OBJC_ISA_USAGE = YES_ERROR;
				CLANG_WARN_EMPTY_BODY = YES;
				CLANG_WARN_ENUM_CONVERSION = YES;
				CLANG_WARN_INT_CONVERSION = YES;
				CLANG_WARN_OBJC_ROOT_CLASS = YES_ERROR;
				CLANG_WARN_UNREACHABLE_CODE = YES;
				CLANG_WARN__DUPLICATE_METHOD_MATCH = YES;
				"CODE_SIGN_IDENTITY[sdk=iphoneos*]" = "iPhone Developer";
				COPY_PHASE_STRIP = NO;
				DEBUG_INFORMATION_FORMAT = dwarf;
				ENABLE_STRICT_OBJC_MSGSEND = YES;
				ENABLE_TESTABILITY = YES;
				GCC_C_LANGUAGE_STANDARD = gnu99;
				GCC_DYNAMIC_NO_PIC = NO;
				GCC_NO_COMMON_BLOCKS = YES;
				GCC_OPTIMIZATION_LEVEL = 0;
				GCC_PREPROCESSOR_DEFINITIONS = (
					"DEBUG=1",
					"$(inherited)",
				);
				GCC_WARN_64_TO_32_BIT_CONVERSION = YES;
				GCC_WARN_ABOUT_RETURN_TYPE = YES_ERROR;
				GCC_WARN_UNDECLARED_SELECTOR = YES;
				GCC_WARN_UNINITIALIZED_AUTOS = YES_AGGRESSIVE;
				GCC_WARN_UNUSED_FUNCTION = YES;
				GCC_WARN_UNUSED_VARIABLE = YES;
				IPHONEOS_DEPLOYMENT_TARGET = 9.2;
				MTL_ENABLE_DEBUG_INFO = YES;
				ONLY_ACTIVE_ARCH = YES;
				SDKROOT = iphoneos;
				TARGETED_DEVICE_FAMILY = "1,2";
			};
			name = Debug;
		};
		AB4DCCEE1C84EA7B00F0A666 /* Release */ = {
			isa = XCBuildConfiguration;
			buildSettings = {
				ALWAYS_SEARCH_USER_PATHS = NO;
				CLANG_CXX_LANGUAGE_STANDARD = "gnu++0x";
				CLANG_CXX_LIBRARY = "libc++";
				CLANG_ENABLE_MODULES = YES;
				CLANG_ENABLE_OBJC_ARC = YES;
				CLANG_WARN_BOOL_CONVERSION = YES;
				CLANG_WARN_CONSTANT_CONVERSION = YES;
				CLANG_WARN_DIRECT_OBJC_ISA_USAGE = YES_ERROR;
				CLANG_WARN_EMPTY_BODY = YES;
				CLANG_WARN_ENUM_CONVERSION = YES;
				CLANG_WARN_INT_CONVERSION = YES;
				CLANG_WARN_OBJC_ROOT_CLASS = YES_ERROR;
				CLANG_WARN_UNREACHABLE_CODE = YES;
				CLANG_WARN__DUPLICATE_METHOD_MATCH = YES;
				"CODE_SIGN_IDENTITY[sdk=iphoneos*]" = "iPhone Developer";
				COPY_PHASE_STRIP = NO;
				DEBUG_INFORMATION_FORMAT = "dwarf-with-dsym";
				ENABLE_NS_ASSERTIONS = NO;
				ENABLE_STRICT_OBJC_MSGSEND = YES;
				GCC_C_LANGUAGE_STANDARD = gnu99;
				GCC_NO_COMMON_BLOCKS = YES;
				GCC_WARN_64_TO_32_BIT_CONVERSION = YES;
				GCC_WARN_ABOUT_RETURN_TYPE = YES_ERROR;
				GCC_WARN_UNDECLARED_SELECTOR = YES;
				GCC_WARN_UNINITIALIZED_AUTOS = YES_AGGRESSIVE;
				GCC_WARN_UNUSED_FUNCTION = YES;
				GCC_WARN_UNUSED_VARIABLE = YES;
				IPHONEOS_DEPLOYMENT_TARGET = 9.2;
				MTL_ENABLE_DEBUG_INFO = NO;
				SDKROOT = iphoneos;
				TARGETED_DEVICE_FAMILY = "1,2";
				VALIDATE_PRODUCT = YES;
			};
			name = Release;
		};
		AB4DCCF01C84EA7B00F0A666 /* Debug */ = {
			isa = XCBuildConfiguration;
			buildSettings = {
				ASSETCATALOG_COMPILER_APPICON_NAME = AppIcon;
				INFOPLIST_FILE = FileSpace/Info.plist;
				LD_RUNPATH_SEARCH_PATHS = "$(inherited) @executable_path/Frameworks";
				PRODUCT_BUNDLE_IDENTIFIER = mercandalli.FileSpace;
				PRODUCT_NAME = "$(TARGET_NAME)";
			};
			name = Debug;
		};
		AB4DCCF11C84EA7B00F0A666 /* Release */ = {
			isa = XCBuildConfiguration;
			buildSettings = {
				ASSETCATALOG_COMPILER_APPICON_NAME = AppIcon;
				INFOPLIST_FILE = FileSpace/Info.plist;
				LD_RUNPATH_SEARCH_PATHS = "$(inherited) @executable_path/Frameworks";
				PRODUCT_BUNDLE_IDENTIFIER = mercandalli.FileSpace;
				PRODUCT_NAME = "$(TARGET_NAME)";
			};
			name = Release;
		};
/* End XCBuildConfiguration section */

/* Begin XCConfigurationList section */
		AB4DCCCD1C84EA7B00F0A666 /* Build configuration list for PBXProject "FileSpace" */ = {
			isa = XCConfigurationList;
			buildConfigurations = (
				AB4DCCED1C84EA7B00F0A666 /* Debug */,
				AB4DCCEE1C84EA7B00F0A666 /* Release */,
			);
			defaultConfigurationIsVisible = 0;
			defaultConfigurationName = Release;
		};
		AB4DCCEF1C84EA7B00F0A666 /* Build configuration list for PBXNativeTarget "FileSpace" */ = {
			isa = XCConfigurationList;
			buildConfigurations = (
				AB4DCCF01C84EA7B00F0A666 /* Debug */,
				AB4DCCF11C84EA7B00F0A666 /* Release */,
			);
			defaultConfigurationIsVisible = 0;
		};
/* End XCConfigurationList section */
	};
	rootObject = AB4DCCCA1C84EA7B00F0A666 /* Project object */;
}
